{
  "name": "chatgpt-n4m",
  "version": "1.0.0",
  "lockfileVersion": 2,
  "requires": true,
  "packages": {
    "": {
      "name": "chatgpt-n4m",
      "version": "1.0.0",
      "license": "ISC",
      "dependencies": {
        "@strudel.cycles/mini": "https://gitpkg.now.sh/pollinations/strudel/packages/mini?main",
        "configstore": "^6.0.0",
        "dotenv": "^16.3.1",
        "js-yaml": "^4.1.0",
        "openai": "^3.3.0",
        "ramda": "^0.29.0",
        "tonal": "^5.0.0"
      }
    },
    "node_modules/@strudel.cycles/core": {
      "version": "0.8.2",
      "resolved": "https://gitpkg.now.sh/pollinations/strudel/packages/core?main",
      "integrity": "sha512-PrnHJwLFc4mKt3YxauYGWGrwHFTH+lTJC9nzSJoM49gsdVWrIoa0GVAYIG258p1ETqDiyBFsf44YCkyd4pzbyg==",
      "license": "AGPL-3.0-or-later",
      "dependencies": {
        "fraction.js": "^4.2.0"
      }
    },
    "node_modules/@strudel.cycles/mini": {
      "version": "0.8.2",
      "resolved": "https://gitpkg.now.sh/pollinations/strudel/packages/mini?main",
      "integrity": "sha512-RMPkSaPTxCaCMjaVO1s42JbvjE1FaxfI5eowE7y39RakUZOnDO+RtrgDSkcsHxFF7AI+Jwl3iUiLy149MdQC/w==",
      "license": "AGPL-3.0-or-later",
      "dependencies": {
        "@strudel.cycles/core": "https://gitpkg.now.sh/pollinations/strudel/packages/core?main"
      }
    },
    "node_modules/@tonaljs/abc-notation": {
      "version": "4.8.0",
      "resolved": "https://registry.npmjs.org/@tonaljs/abc-notation/-/abc-notation-4.8.0.tgz",
      "integrity": "sha512-JggT/DW4rMxu+q1WkeACrg52is3acp9zaW4LJmCheFi3CmLa63sy7/6mgKnlScTOvcpAyTcSytu0VbQHRXyBDA==",
      "dependencies": {
        "@tonaljs/core": "^4.8.0"
      }
    },
    "node_modules/@tonaljs/array": {
      "version": "4.8.0",
      "resolved": "https://registry.npmjs.org/@tonaljs/array/-/array-4.8.0.tgz",
      "integrity": "sha512-lWCUBRUVWtDV0kl/fjOgICRWzBYWZdJEk1h0vVzpuPaXW6Yz3JfjyKPtLbzYTkgSr1PqcjxVGNwxilz9c2NNkQ==",
      "dependencies": {
        "@tonaljs/core": "^4.8.0"
      }
    },
    "node_modules/@tonaljs/chord": {
      "version": "5.0.0",
      "resolved": "https://registry.npmjs.org/@tonaljs/chord/-/chord-5.0.0.tgz",
      "integrity": "sha512-B18w6n3mYw2zC/TaNJ+JQgFr+P57L6dTqf4MlPe2Vp5g3zIJw+ezYthUCTHRINGkp1iLDcvMADipOvdFrU8mLA==",
      "dependencies": {
        "@tonaljs/chord-detect": "^4.8.2",
        "@tonaljs/chord-type": "^5.0.0",
        "@tonaljs/collection": "^4.8.0",
        "@tonaljs/core": "^4.10.0",
        "@tonaljs/pcset": "^4.8.2",
        "@tonaljs/scale-type": "^4.8.2"
      }
    },
    "node_modules/@tonaljs/chord-detect": {
      "version": "4.8.2",
      "resolved": "https://registry.npmjs.org/@tonaljs/chord-detect/-/chord-detect-4.8.2.tgz",
      "integrity": "sha512-Qee18RXanmav+/LBoHC6UFvQ/0330IueJAr0BDSDkpFjJaWq4Co0mrFXWufKd0QO/Cc86/HRbkWb3asZ+p+Pzg==",
      "dependencies": {
        "@tonaljs/chord-type": "^5.0.0",
        "@tonaljs/core": "^4.8.0",
        "@tonaljs/pcset": "^4.8.2"
      }
    },
    "node_modules/@tonaljs/chord-type": {
      "version": "5.0.0",
      "resolved": "https://registry.npmjs.org/@tonaljs/chord-type/-/chord-type-5.0.0.tgz",
      "integrity": "sha512-j9HnUt5cvZxJPghB9zA9JqQfH3Kw0WuAtucsKhvY/Sry75o/as8pE+m808TkNgfoW65B56f4FKxMUraWGVGyhQ==",
      "dependencies": {
        "@tonaljs/core": "^4.8.0",
        "@tonaljs/pcset": "^4.8.2"
      }
    },
    "node_modules/@tonaljs/collection": {
      "version": "4.8.0",
      "resolved": "https://registry.npmjs.org/@tonaljs/collection/-/collection-4.8.0.tgz",
      "integrity": "sha512-NSnqUDqnCZajYGPH4+27y6UAflX+RrAZQdP9YNBuJoTFtdSDrqV3cJoPdr2DRpGCK3Nuzw1dU8DlGsyWwNwlmg=="
    },
    "node_modules/@tonaljs/core": {
      "version": "4.10.0",
      "resolved": "https://registry.npmjs.org/@tonaljs/core/-/core-4.10.0.tgz",
      "integrity": "sha512-+AH7NP9iiAGil+X7NlKGlQvls/KByQmxR51d5O+y6IjHltOkVUXk74oZuxW7zF0IsKchFn8Okr0sxqFmgsQmpA=="
    },
    "node_modules/@tonaljs/duration-value": {
      "version": "4.8.0",
      "resolved": "https://registry.npmjs.org/@tonaljs/duration-value/-/duration-value-4.8.0.tgz",
      "integrity": "sha512-ewWVKtYCzNkSNaFoEn6NqL5vCmHTqoN+qngoUG2Sy2ZvGCk1pwx3ckJVUkJmYrkxP4PbQASPgJi0y+0fjgVJug=="
    },
    "node_modules/@tonaljs/interval": {
      "version": "4.8.0",
      "resolved": "https://registry.npmjs.org/@tonaljs/interval/-/interval-4.8.0.tgz",
      "integrity": "sha512-R+1OvqRS0lFqzmzorbL0cwqZLVRnDw2kmwNtgF17A2vqcZI9aDDH/XELPLLUcZ7ykeIu4X9t/v+yTwREj+nUrA==",
      "dependencies": {
        "@tonaljs/core": "^4.8.0"
      }
    },
    "node_modules/@tonaljs/key": {
      "version": "4.9.1",
      "resolved": "https://registry.npmjs.org/@tonaljs/key/-/key-4.9.1.tgz",
      "integrity": "sha512-WL/8raLnrcv6qpBog0HNp16/ifleeapZjU2PVTnIJ2DhuVgqtI8ccCyZHAURFdMmwYmn1Gf1VnvUAmG7RmqHJg==",
      "dependencies": {
        "@tonaljs/core": "^4.8.0",
        "@tonaljs/note": "^4.8.0",
        "@tonaljs/roman-numeral": "^4.8.0"
      }
    },
    "node_modules/@tonaljs/midi": {
      "version": "4.9.0",
      "resolved": "https://registry.npmjs.org/@tonaljs/midi/-/midi-4.9.0.tgz",
      "integrity": "sha512-zi6lK2OC2EA8E1Nl011erWAZgOSlrfstJMgnrbm4/nLDegotg5ALbMnfX/s+SIfSSFcXn/Og1d8xwPeAwoaUyg==",
      "dependencies": {
        "@tonaljs/core": "^4.8.0"
      }
    },
    "node_modules/@tonaljs/mode": {
      "version": "4.8.1",
      "resolved": "https://registry.npmjs.org/@tonaljs/mode/-/mode-4.8.1.tgz",
      "integrity": "sha512-mzGQz3T+DMjWgOHlt7ZKyoRL6rGOKeOn1BXZdDFU0Bng+WQwHOhoBF/0eA+7l+1QxXBntjGiESO6aq2ktODF/w==",
      "dependencies": {
        "@tonaljs/collection": "^4.8.0",
        "@tonaljs/core": "^4.8.0",
        "@tonaljs/interval": "^4.8.0",
        "@tonaljs/pcset": "^4.8.2",
        "@tonaljs/scale-type": "^4.8.2"
      }
    },
    "node_modules/@tonaljs/note": {
      "version": "4.10.0",
      "resolved": "https://registry.npmjs.org/@tonaljs/note/-/note-4.10.0.tgz",
      "integrity": "sha512-jWyxk9Dom+vsucj3dWG9z4j6WhZqbY7gkKsS14fHeo7g8qUZTVZFsr8ulpHyLPXN3EhLwHDU7CxIQ1klkPE33A==",
      "dependencies": {
        "@tonaljs/core": "^4.9.0",
        "@tonaljs/midi": "^4.8.0"
      }
    },
    "node_modules/@tonaljs/pcset": {
      "version": "4.8.2",
      "resolved": "https://registry.npmjs.org/@tonaljs/pcset/-/pcset-4.8.2.tgz",
      "integrity": "sha512-AiNnswKlNSix84uMZrkUtTe7T+GqqHMsEt6oaIyjJa3bP7WqPbm0dWKDeLMb3JL5+6or1huew99epR9rqxkzvw==",
      "dependencies": {
        "@tonaljs/collection": "^4.8.0",
        "@tonaljs/core": "^4.8.0"
      }
    },
    "node_modules/@tonaljs/progression": {
      "version": "4.8.1",
      "resolved": "https://registry.npmjs.org/@tonaljs/progression/-/progression-4.8.1.tgz",
      "integrity": "sha512-1PnppCRIaqyiauzK0XD1tLiGYXQWv80rfXQl+Vo1nH6aNaQB1JKbf+guUCHUzkWJGm56iaYib5+VF3A3NvivKw==",
      "dependencies": {
        "@tonaljs/chord": "^5.0.0",
        "@tonaljs/core": "^4.8.0",
        "@tonaljs/roman-numeral": "^4.8.0"
      }
    },
    "node_modules/@tonaljs/range": {
      "version": "4.8.1",
      "resolved": "https://registry.npmjs.org/@tonaljs/range/-/range-4.8.1.tgz",
      "integrity": "sha512-UAyHBPh1SfqOo2w/BA6Rji3Sl1V0z/ggoE9+gS5aig13qUaVM8B3p2eanEgrxsRTN+yARPSE83CiWWbVqLKzWA==",
      "dependencies": {
        "@tonaljs/collection": "^4.8.0",
        "@tonaljs/midi": "^4.8.0"
      }
    },
    "node_modules/@tonaljs/roman-numeral": {
      "version": "4.8.0",
      "resolved": "https://registry.npmjs.org/@tonaljs/roman-numeral/-/roman-numeral-4.8.0.tgz",
      "integrity": "sha512-jktwfGXcs4qp5A0jy5pyWxgYkeGDcaldV9tiv7XnNR5yLwDm0D6S9rRlNlSo3n0wyDo3+Kh80hd3Mps+Gsf81w==",
      "dependencies": {
        "@tonaljs/core": "^4.8.0"
      }
    },
    "node_modules/@tonaljs/scale": {
      "version": "4.12.2",
      "resolved": "https://registry.npmjs.org/@tonaljs/scale/-/scale-4.12.2.tgz",
      "integrity": "sha512-WBiS1R3K85zTrNPJpp5PJyDycrE9kuyKDM2BmjbS3Oj2bVE2VqRY35h/NaxmR3ArbQZoZNX3MbQXe56S59jBJw==",
      "dependencies": {
        "@tonaljs/chord-type": "^5.0.0",
        "@tonaljs/collection": "^4.8.0",
        "@tonaljs/core": "^4.10.0",
        "@tonaljs/note": "^4.10.0",
        "@tonaljs/pcset": "^4.8.2",
        "@tonaljs/scale-type": "^4.8.2"
      }
    },
    "node_modules/@tonaljs/scale-type": {
      "version": "4.8.2",
      "resolved": "https://registry.npmjs.org/@tonaljs/scale-type/-/scale-type-4.8.2.tgz",
      "integrity": "sha512-egvHD8I7EMTJ1RaqK5LVKBXvY0eOY49utzP1QSideahLxS/zyq9ydu7CovKOa6+iic+ab6XomesEExZCCc63Zw==",
      "dependencies": {
        "@tonaljs/core": "^4.8.0",
        "@tonaljs/pcset": "^4.8.2"
      }
    },
    "node_modules/@tonaljs/time-signature": {
      "version": "4.8.0",
      "resolved": "https://registry.npmjs.org/@tonaljs/time-signature/-/time-signature-4.8.0.tgz",
      "integrity": "sha512-ES5WoBC3aA5qQcVxh3GUc/Z1XAlnul/PCdlYrmTNAAJ4hgv4H5WHu15fWk7xRcCC6LZz6chfQNbSIXl9sNRdZQ=="
    },
    "node_modules/argparse": {
      "version": "2.0.1",
      "resolved": "https://registry.npmjs.org/argparse/-/argparse-2.0.1.tgz",
      "integrity": "sha512-8+9WqebbFzpX9OR+Wa6O29asIogeRMzcGtAINdpMHHyAg10f05aSFVBbcEqGf/PXw1EjAZ+q2/bEBg3DvurK3Q=="
    },
    "node_modules/asynckit": {
      "version": "0.4.0",
      "resolved": "https://registry.npmjs.org/asynckit/-/asynckit-0.4.0.tgz",
      "integrity": "sha512-Oei9OH4tRh0YqU3GxhX79dM/mwVgvbZJaSNaRk+bshkj0S5cfHcgYakreBjrHwatXKbz+IoIdYLxrKim2MjW0Q=="
    },
    "node_modules/axios": {
      "version": "0.26.1",
      "resolved": "https://registry.npmjs.org/axios/-/axios-0.26.1.tgz",
      "integrity": "sha512-fPwcX4EvnSHuInCMItEhAGnaSEXRBjtzh9fOtsE6E1G6p7vl7edEeZe11QHf18+6+9gR5PbKV/sGKNaD8YaMeA==",
      "dependencies": {
        "follow-redirects": "^1.14.8"
      }
    },
    "node_modules/combined-stream": {
      "version": "1.0.8",
      "resolved": "https://registry.npmjs.org/combined-stream/-/combined-stream-1.0.8.tgz",
      "integrity": "sha512-FQN4MRfuJeHf7cBbBMJFXhKSDq+2kAArBlmRBvcvFE5BB1HZKXtSFASDhdlz9zOYwxh8lDdnvmMOe/+5cdoEdg==",
      "dependencies": {
        "delayed-stream": "~1.0.0"
      },
      "engines": {
        "node": ">= 0.8"
      }
    },
    "node_modules/configstore": {
      "version": "6.0.0",
      "resolved": "https://registry.npmjs.org/configstore/-/configstore-6.0.0.tgz",
      "integrity": "sha512-cD31W1v3GqUlQvbBCGcXmd2Nj9SvLDOP1oQ0YFuLETufzSPaKp11rYBsSOm7rCsW3OnIRAFM3OxRhceaXNYHkA==",
      "dependencies": {
        "dot-prop": "^6.0.1",
        "graceful-fs": "^4.2.6",
        "unique-string": "^3.0.0",
        "write-file-atomic": "^3.0.3",
        "xdg-basedir": "^5.0.1"
      },
      "engines": {
        "node": ">=12"
      },
      "funding": {
        "url": "https://github.com/yeoman/configstore?sponsor=1"
      }
    },
    "node_modules/crypto-random-string": {
      "version": "4.0.0",
      "resolved": "https://registry.npmjs.org/crypto-random-string/-/crypto-random-string-4.0.0.tgz",
      "integrity": "sha512-x8dy3RnvYdlUcPOjkEHqozhiwzKNSq7GcPuXFbnyMOCHxX8V3OgIg/pYuabl2sbUPfIJaeAQB7PMOK8DFIdoRA==",
      "dependencies": {
        "type-fest": "^1.0.1"
      },
      "engines": {
        "node": ">=12"
      },
      "funding": {
        "url": "https://github.com/sponsors/sindresorhus"
      }
    },
    "node_modules/delayed-stream": {
      "version": "1.0.0",
      "resolved": "https://registry.npmjs.org/delayed-stream/-/delayed-stream-1.0.0.tgz",
      "integrity": "sha512-ZySD7Nf91aLB0RxL4KGrKHBXl7Eds1DAmEdcoVawXnLD7SDhpNgtuII2aAkg7a7QS41jxPSZ17p4VdGnMHk3MQ==",
      "engines": {
        "node": ">=0.4.0"
      }
    },
    "node_modules/dot-prop": {
      "version": "6.0.1",
      "resolved": "https://registry.npmjs.org/dot-prop/-/dot-prop-6.0.1.tgz",
      "integrity": "sha512-tE7ztYzXHIeyvc7N+hR3oi7FIbf/NIjVP9hmAt3yMXzrQ072/fpjGLx2GxNxGxUl5V73MEqYzioOMoVhGMJ5cA==",
      "dependencies": {
        "is-obj": "^2.0.0"
      },
      "engines": {
        "node": ">=10"
      },
      "funding": {
        "url": "https://github.com/sponsors/sindresorhus"
      }
    },
    "node_modules/dotenv": {
      "version": "16.3.1",
      "resolved": "https://registry.npmjs.org/dotenv/-/dotenv-16.3.1.tgz",
      "integrity": "sha512-IPzF4w4/Rd94bA9imS68tZBaYyBWSCE47V1RGuMrB94iyTOIEwRmVL2x/4An+6mETpLrKJ5hQkB8W4kFAadeIQ==",
      "engines": {
        "node": ">=12"
      },
      "funding": {
        "url": "https://github.com/motdotla/dotenv?sponsor=1"
      }
    },
    "node_modules/follow-redirects": {
      "version": "1.15.2",
      "resolved": "https://registry.npmjs.org/follow-redirects/-/follow-redirects-1.15.2.tgz",
      "integrity": "sha512-VQLG33o04KaQ8uYi2tVNbdrWp1QWxNNea+nmIB4EVM28v0hmP17z7aG1+wAkNzVq4KeXTq3221ye5qTJP91JwA==",
      "funding": [
        {
          "type": "individual",
          "url": "https://github.com/sponsors/RubenVerborgh"
        }
      ],
      "engines": {
        "node": ">=4.0"
      },
      "peerDependenciesMeta": {
        "debug": {
          "optional": true
        }
      }
    },
    "node_modules/form-data": {
      "version": "4.0.0",
      "resolved": "https://registry.npmjs.org/form-data/-/form-data-4.0.0.tgz",
      "integrity": "sha512-ETEklSGi5t0QMZuiXoA/Q6vcnxcLQP5vdugSpuAyi6SVGi2clPPp+xgEhuMaHC+zGgn31Kd235W35f7Hykkaww==",
      "dependencies": {
        "asynckit": "^0.4.0",
        "combined-stream": "^1.0.8",
        "mime-types": "^2.1.12"
      },
      "engines": {
        "node": ">= 6"
      }
    },
    "node_modules/fraction.js": {
      "version": "4.2.1",
      "resolved": "https://registry.npmjs.org/fraction.js/-/fraction.js-4.2.1.tgz",
      "integrity": "sha512-/KxoyCnPM0GwYI4NN0Iag38Tqt+od3/mLuguepLgCAKPn0ZhC544nssAW0tG2/00zXEYl9W+7hwAIpLHo6Oc7Q==",
      "engines": {
        "node": "*"
      },
      "funding": {
        "type": "patreon",
        "url": "https://www.patreon.com/infusion"
      }
    },
    "node_modules/graceful-fs": {
      "version": "4.2.11",
      "resolved": "https://registry.npmjs.org/graceful-fs/-/graceful-fs-4.2.11.tgz",
      "integrity": "sha512-RbJ5/jmFcNNCcDV5o9eTnBLJ/HszWV0P73bc+Ff4nS/rJj+YaS6IGyiOL0VoBYX+l1Wrl3k63h/KrH+nhJ0XvQ=="
    },
    "node_modules/imurmurhash": {
      "version": "0.1.4",
      "resolved": "https://registry.npmjs.org/imurmurhash/-/imurmurhash-0.1.4.tgz",
      "integrity": "sha512-JmXMZ6wuvDmLiHEml9ykzqO6lwFbof0GG4IkcGaENdCRDDmMVnny7s5HsIgHCbaq0w2MyPhDqkhTUgS2LU2PHA==",
      "engines": {
        "node": ">=0.8.19"
      }
    },
    "node_modules/is-obj": {
      "version": "2.0.0",
      "resolved": "https://registry.npmjs.org/is-obj/-/is-obj-2.0.0.tgz",
      "integrity": "sha512-drqDG3cbczxxEJRoOXcOjtdp1J/lyp1mNn0xaznRs8+muBhgQcrnbspox5X5fOw0HnMnbfDzvnEMEtqDEJEo8w==",
      "engines": {
        "node": ">=8"
      }
    },
    "node_modules/is-typedarray": {
      "version": "1.0.0",
      "resolved": "https://registry.npmjs.org/is-typedarray/-/is-typedarray-1.0.0.tgz",
      "integrity": "sha512-cyA56iCMHAh5CdzjJIa4aohJyeO1YbwLi3Jc35MmRU6poroFjIGZzUzupGiRPOjgHg9TLu43xbpwXk523fMxKA=="
    },
    "node_modules/js-yaml": {
      "version": "4.1.0",
      "resolved": "https://registry.npmjs.org/js-yaml/-/js-yaml-4.1.0.tgz",
      "integrity": "sha512-wpxZs9NoxZaJESJGIZTyDEaYpl0FKSA+FB9aJiyemKhMwkxQg63h4T1KJgUGHpTqPDNRcmmYLugrRjJlBtWvRA==",
      "dependencies": {
        "argparse": "^2.0.1"
      },
      "bin": {
        "js-yaml": "bin/js-yaml.js"
      }
    },
    "node_modules/mime-db": {
      "version": "1.52.0",
      "resolved": "https://registry.npmjs.org/mime-db/-/mime-db-1.52.0.tgz",
      "integrity": "sha512-sPU4uV7dYlvtWJxwwxHD0PuihVNiE7TyAbQ5SWxDCB9mUYvOgroQOwYQQOKPJ8CIbE+1ETVlOoK1UC2nU3gYvg==",
      "engines": {
        "node": ">= 0.6"
      }
    },
    "node_modules/mime-types": {
      "version": "2.1.35",
      "resolved": "https://registry.npmjs.org/mime-types/-/mime-types-2.1.35.tgz",
      "integrity": "sha512-ZDY+bPm5zTTF+YpCrAU9nK0UgICYPT0QtT1NZWFv4s++TNkcgVaT0g6+4R2uI4MjQjzysHB1zxuWL50hzaeXiw==",
      "dependencies": {
        "mime-db": "1.52.0"
      },
      "engines": {
        "node": ">= 0.6"
      }
    },
    "node_modules/openai": {
      "version": "3.3.0",
      "resolved": "https://registry.npmjs.org/openai/-/openai-3.3.0.tgz",
      "integrity": "sha512-uqxI/Au+aPRnsaQRe8CojU0eCR7I0mBiKjD3sNMzY6DaC1ZVrc85u98mtJW6voDug8fgGN+DIZmTDxTthxb7dQ==",
      "dependencies": {
        "axios": "^0.26.0",
        "form-data": "^4.0.0"
      }
    },
    "node_modules/ramda": {
      "version": "0.29.0",
      "resolved": "https://registry.npmjs.org/ramda/-/ramda-0.29.0.tgz",
      "integrity": "sha512-BBea6L67bYLtdbOqfp8f58fPMqEwx0doL+pAi8TZyp2YWz8R9G8z9x75CZI8W+ftqhFHCpEX2cRnUUXK130iKA==",
      "funding": {
        "type": "opencollective",
        "url": "https://opencollective.com/ramda"
      }
    },
    "node_modules/signal-exit": {
      "version": "3.0.7",
      "resolved": "https://registry.npmjs.org/signal-exit/-/signal-exit-3.0.7.tgz",
      "integrity": "sha512-wnD2ZE+l+SPC/uoS0vXeE9L1+0wuaMqKlfz9AMUo38JsyLSBWSFcHR1Rri62LZc12vLr1gb3jl7iwQhgwpAbGQ=="
    },
    "node_modules/tonal": {
      "version": "5.0.0",
      "resolved": "https://registry.npmjs.org/tonal/-/tonal-5.0.0.tgz",
      "integrity": "sha512-I/irUdAUPRJcZXNrSmMcoaWs53FRnhub+HOYFNj2KLOBvp1swysxEwruJEAZ8QlCugeGj5IfXFSK5+rMPBTZ+g==",
      "dependencies": {
        "@tonaljs/abc-notation": "^4.8.0",
        "@tonaljs/array": "^4.8.0",
        "@tonaljs/chord": "^5.0.0",
        "@tonaljs/chord-type": "^5.0.0",
        "@tonaljs/collection": "^4.8.0",
        "@tonaljs/core": "^4.10.0",
        "@tonaljs/duration-value": "^4.8.0",
        "@tonaljs/interval": "^4.8.0",
        "@tonaljs/key": "^4.9.1",
        "@tonaljs/midi": "^4.9.0",
        "@tonaljs/mode": "^4.8.1",
        "@tonaljs/note": "^4.10.0",
        "@tonaljs/pcset": "^4.8.2",
        "@tonaljs/progression": "^4.8.1",
        "@tonaljs/range": "^4.8.1",
        "@tonaljs/roman-numeral": "^4.8.0",
        "@tonaljs/scale": "^4.12.2",
        "@tonaljs/scale-type": "^4.8.2",
        "@tonaljs/time-signature": "^4.8.0"
      }
    },
    "node_modules/type-fest": {
      "version": "1.4.0",
      "resolved": "https://registry.npmjs.org/type-fest/-/type-fest-1.4.0.tgz",
      "integrity": "sha512-yGSza74xk0UG8k+pLh5oeoYirvIiWo5t0/o3zHHAO2tRDiZcxWP7fywNlXhqb6/r6sWvwi+RsyQMWhVLe4BVuA==",
      "engines": {
        "node": ">=10"
      },
      "funding": {
        "url": "https://github.com/sponsors/sindresorhus"
      }
    },
    "node_modules/typedarray-to-buffer": {
      "version": "3.1.5",
      "resolved": "https://registry.npmjs.org/typedarray-to-buffer/-/typedarray-to-buffer-3.1.5.tgz",
      "integrity": "sha512-zdu8XMNEDepKKR+XYOXAVPtWui0ly0NtohUscw+UmaHiAWT8hrV1rr//H6V+0DvJ3OQ19S979M0laLfX8rm82Q==",
      "dependencies": {
        "is-typedarray": "^1.0.0"
      }
    },
    "node_modules/unique-string": {
      "version": "3.0.0",
      "resolved": "https://registry.npmjs.org/unique-string/-/unique-string-3.0.0.tgz",
      "integrity": "sha512-VGXBUVwxKMBUznyffQweQABPRRW1vHZAbadFZud4pLFAqRGvv/96vafgjWFqzourzr8YonlQiPgH0YCJfawoGQ==",
      "dependencies": {
        "crypto-random-string": "^4.0.0"
      },
      "engines": {
        "node": ">=12"
      },
      "funding": {
        "url": "https://github.com/sponsors/sindresorhus"
      }
    },
    "node_modules/write-file-atomic": {
      "version": "3.0.3",
      "resolved": "https://registry.npmjs.org/write-file-atomic/-/write-file-atomic-3.0.3.tgz",
      "integrity": "sha512-AvHcyZ5JnSfq3ioSyjrBkH9yW4m7Ayk8/9My/DD9onKeu/94fwrMocemO2QAJFAlnnDN+ZDS+ZjAR5ua1/PV/Q==",
      "dependencies": {
        "imurmurhash": "^0.1.4",
        "is-typedarray": "^1.0.0",
        "signal-exit": "^3.0.2",
        "typedarray-to-buffer": "^3.1.5"
      }
    },
    "node_modules/xdg-basedir": {
      "version": "5.1.0",
      "resolved": "https://registry.npmjs.org/xdg-basedir/-/xdg-basedir-5.1.0.tgz",
      "integrity": "sha512-GCPAHLvrIH13+c0SuacwvRYj2SxJXQ4kaVTT5xgL3kPrz56XxkF21IGhjSE1+W0aw7gpBWRGXLCPnPby6lSpmQ==",
      "engines": {
        "node": ">=12"
      },
      "funding": {
        "url": "https://github.com/sponsors/sindresorhus"
      }
    }
  },
  "dependencies": {
    "@strudel.cycles/core": {
      "version": "https://gitpkg.now.sh/pollinations/strudel/packages/core?main",
      "integrity": "sha512-PrnHJwLFc4mKt3YxauYGWGrwHFTH+lTJC9nzSJoM49gsdVWrIoa0GVAYIG258p1ETqDiyBFsf44YCkyd4pzbyg==",
      "requires": {
        "fraction.js": "^4.2.0"
      }
    },
    "@strudel.cycles/mini": {
      "version": "https://gitpkg.now.sh/pollinations/strudel/packages/mini?main",
      "integrity": "sha512-RMPkSaPTxCaCMjaVO1s42JbvjE1FaxfI5eowE7y39RakUZOnDO+RtrgDSkcsHxFF7AI+Jwl3iUiLy149MdQC/w==",
      "requires": {
        "@strudel.cycles/core": "https://gitpkg.now.sh/pollinations/strudel/packages/core?main"
      }
    },
    "@tonaljs/abc-notation": {
      "version": "4.8.0",
      "resolved": "https://registry.npmjs.org/@tonaljs/abc-notation/-/abc-notation-4.8.0.tgz",
      "integrity": "sha512-JggT/DW4rMxu+q1WkeACrg52is3acp9zaW4LJmCheFi3CmLa63sy7/6mgKnlScTOvcpAyTcSytu0VbQHRXyBDA==",
      "requires": {
        "@tonaljs/core": "^4.8.0"
      }
    },
    "@tonaljs/array": {
      "version": "4.8.0",
      "resolved": "https://registry.npmjs.org/@tonaljs/array/-/array-4.8.0.tgz",
      "integrity": "sha512-lWCUBRUVWtDV0kl/fjOgICRWzBYWZdJEk1h0vVzpuPaXW6Yz3JfjyKPtLbzYTkgSr1PqcjxVGNwxilz9c2NNkQ==",
      "requires": {
        "@tonaljs/core": "^4.8.0"
      }
    },
    "@tonaljs/chord": {
      "version": "5.0.0",
      "resolved": "https://registry.npmjs.org/@tonaljs/chord/-/chord-5.0.0.tgz",
      "integrity": "sha512-B18w6n3mYw2zC/TaNJ+JQgFr+P57L6dTqf4MlPe2Vp5g3zIJw+ezYthUCTHRINGkp1iLDcvMADipOvdFrU8mLA==",
      "requires": {
        "@tonaljs/chord-detect": "^4.8.2",
        "@tonaljs/chord-type": "^5.0.0",
        "@tonaljs/collection": "^4.8.0",
        "@tonaljs/core": "^4.10.0",
        "@tonaljs/pcset": "^4.8.2",
        "@tonaljs/scale-type": "^4.8.2"
      }
    },
    "@tonaljs/chord-detect": {
      "version": "4.8.2",
      "resolved": "https://registry.npmjs.org/@tonaljs/chord-detect/-/chord-detect-4.8.2.tgz",
      "integrity": "sha512-Qee18RXanmav+/LBoHC6UFvQ/0330IueJAr0BDSDkpFjJaWq4Co0mrFXWufKd0QO/Cc86/HRbkWb3asZ+p+Pzg==",
      "requires": {
        "@tonaljs/chord-type": "^5.0.0",
        "@tonaljs/core": "^4.8.0",
        "@tonaljs/pcset": "^4.8.2"
      }
    },
    "@tonaljs/chord-type": {
      "version": "5.0.0",
      "resolved": "https://registry.npmjs.org/@tonaljs/chord-type/-/chord-type-5.0.0.tgz",
      "integrity": "sha512-j9HnUt5cvZxJPghB9zA9JqQfH3Kw0WuAtucsKhvY/Sry75o/as8pE+m808TkNgfoW65B56f4FKxMUraWGVGyhQ==",
      "requires": {
        "@tonaljs/core": "^4.8.0",
        "@tonaljs/pcset": "^4.8.2"
      }
    },
    "@tonaljs/collection": {
      "version": "4.8.0",
      "resolved": "https://registry.npmjs.org/@tonaljs/collection/-/collection-4.8.0.tgz",
      "integrity": "sha512-NSnqUDqnCZajYGPH4+27y6UAflX+RrAZQdP9YNBuJoTFtdSDrqV3cJoPdr2DRpGCK3Nuzw1dU8DlGsyWwNwlmg=="
    },
    "@tonaljs/core": {
      "version": "4.10.0",
      "resolved": "https://registry.npmjs.org/@tonaljs/core/-/core-4.10.0.tgz",
      "integrity": "sha512-+AH7NP9iiAGil+X7NlKGlQvls/KByQmxR51d5O+y6IjHltOkVUXk74oZuxW7zF0IsKchFn8Okr0sxqFmgsQmpA=="
    },
    "@tonaljs/duration-value": {
      "version": "4.8.0",
      "resolved": "https://registry.npmjs.org/@tonaljs/duration-value/-/duration-value-4.8.0.tgz",
      "integrity": "sha512-ewWVKtYCzNkSNaFoEn6NqL5vCmHTqoN+qngoUG2Sy2ZvGCk1pwx3ckJVUkJmYrkxP4PbQASPgJi0y+0fjgVJug=="
    },
    "@tonaljs/interval": {
      "version": "4.8.0",
      "resolved": "https://registry.npmjs.org/@tonaljs/interval/-/interval-4.8.0.tgz",
      "integrity": "sha512-R+1OvqRS0lFqzmzorbL0cwqZLVRnDw2kmwNtgF17A2vqcZI9aDDH/XELPLLUcZ7ykeIu4X9t/v+yTwREj+nUrA==",
      "requires": {
        "@tonaljs/core": "^4.8.0"
      }
    },
    "@tonaljs/key": {
      "version": "4.9.1",
      "resolved": "https://registry.npmjs.org/@tonaljs/key/-/key-4.9.1.tgz",
      "integrity": "sha512-WL/8raLnrcv6qpBog0HNp16/ifleeapZjU2PVTnIJ2DhuVgqtI8ccCyZHAURFdMmwYmn1Gf1VnvUAmG7RmqHJg==",
      "requires": {
        "@tonaljs/core": "^4.8.0",
        "@tonaljs/note": "^4.8.0",
        "@tonaljs/roman-numeral": "^4.8.0"
      }
    },
    "@tonaljs/midi": {
      "version": "4.9.0",
      "resolved": "https://registry.npmjs.org/@tonaljs/midi/-/midi-4.9.0.tgz",
      "integrity": "sha512-zi6lK2OC2EA8E1Nl011erWAZgOSlrfstJMgnrbm4/nLDegotg5ALbMnfX/s+SIfSSFcXn/Og1d8xwPeAwoaUyg==",
      "requires": {
        "@tonaljs/core": "^4.8.0"
      }
    },
    "@tonaljs/mode": {
      "version": "4.8.1",
      "resolved": "https://registry.npmjs.org/@tonaljs/mode/-/mode-4.8.1.tgz",
      "integrity": "sha512-mzGQz3T+DMjWgOHlt7ZKyoRL6rGOKeOn1BXZdDFU0Bng+WQwHOhoBF/0eA+7l+1QxXBntjGiESO6aq2ktODF/w==",
      "requires": {
        "@tonaljs/collection": "^4.8.0",
        "@tonaljs/core": "^4.8.0",
        "@tonaljs/interval": "^4.8.0",
        "@tonaljs/pcset": "^4.8.2",
        "@tonaljs/scale-type": "^4.8.2"
      }
    },
    "@tonaljs/note": {
      "version": "4.10.0",
      "resolved": "https://registry.npmjs.org/@tonaljs/note/-/note-4.10.0.tgz",
      "integrity": "sha512-jWyxk9Dom+vsucj3dWG9z4j6WhZqbY7gkKsS14fHeo7g8qUZTVZFsr8ulpHyLPXN3EhLwHDU7CxIQ1klkPE33A==",
      "requires": {
        "@tonaljs/core": "^4.9.0",
        "@tonaljs/midi": "^4.8.0"
      }
    },
    "@tonaljs/pcset": {
      "version": "4.8.2",
      "resolved": "https://registry.npmjs.org/@tonaljs/pcset/-/pcset-4.8.2.tgz",
      "integrity": "sha512-AiNnswKlNSix84uMZrkUtTe7T+GqqHMsEt6oaIyjJa3bP7WqPbm0dWKDeLMb3JL5+6or1huew99epR9rqxkzvw==",
      "requires": {
        "@tonaljs/collection": "^4.8.0",
        "@tonaljs/core": "^4.8.0"
      }
    },
    "@tonaljs/progression": {
      "version": "4.8.1",
      "resolved": "https://registry.npmjs.org/@tonaljs/progression/-/progression-4.8.1.tgz",
      "integrity": "sha512-1PnppCRIaqyiauzK0XD1tLiGYXQWv80rfXQl+Vo1nH6aNaQB1JKbf+guUCHUzkWJGm56iaYib5+VF3A3NvivKw==",
      "requires": {
        "@tonaljs/chord": "^5.0.0",
        "@tonaljs/core": "^4.8.0",
        "@tonaljs/roman-numeral": "^4.8.0"
      }
    },
    "@tonaljs/range": {
      "version": "4.8.1",
      "resolved": "https://registry.npmjs.org/@tonaljs/range/-/range-4.8.1.tgz",
      "integrity": "sha512-UAyHBPh1SfqOo2w/BA6Rji3Sl1V0z/ggoE9+gS5aig13qUaVM8B3p2eanEgrxsRTN+yARPSE83CiWWbVqLKzWA==",
      "requires": {
        "@tonaljs/collection": "^4.8.0",
        "@tonaljs/midi": "^4.8.0"
      }
    },
    "@tonaljs/roman-numeral": {
      "version": "4.8.0",
      "resolved": "https://registry.npmjs.org/@tonaljs/roman-numeral/-/roman-numeral-4.8.0.tgz",
      "integrity": "sha512-jktwfGXcs4qp5A0jy5pyWxgYkeGDcaldV9tiv7XnNR5yLwDm0D6S9rRlNlSo3n0wyDo3+Kh80hd3Mps+Gsf81w==",
      "requires": {
        "@tonaljs/core": "^4.8.0"
      }
    },
    "@tonaljs/scale": {
      "version": "4.12.2",
      "resolved": "https://registry.npmjs.org/@tonaljs/scale/-/scale-4.12.2.tgz",
      "integrity": "sha512-WBiS1R3K85zTrNPJpp5PJyDycrE9kuyKDM2BmjbS3Oj2bVE2VqRY35h/NaxmR3ArbQZoZNX3MbQXe56S59jBJw==",
      "requires": {
        "@tonaljs/chord-type": "^5.0.0",
        "@tonaljs/collection": "^4.8.0",
        "@tonaljs/core": "^4.10.0",
        "@tonaljs/note": "^4.10.0",
        "@tonaljs/pcset": "^4.8.2",
        "@tonaljs/scale-type": "^4.8.2"
      }
    },
    "@tonaljs/scale-type": {
      "version": "4.8.2",
      "resolved": "https://registry.npmjs.org/@tonaljs/scale-type/-/scale-type-4.8.2.tgz",
      "integrity": "sha512-egvHD8I7EMTJ1RaqK5LVKBXvY0eOY49utzP1QSideahLxS/zyq9ydu7CovKOa6+iic+ab6XomesEExZCCc63Zw==",
      "requires": {
        "@tonaljs/core": "^4.8.0",
        "@tonaljs/pcset": "^4.8.2"
      }
    },
    "@tonaljs/time-signature": {
      "version": "4.8.0",
      "resolved": "https://registry.npmjs.org/@tonaljs/time-signature/-/time-signature-4.8.0.tgz",
      "integrity": "sha512-ES5WoBC3aA5qQcVxh3GUc/Z1XAlnul/PCdlYrmTNAAJ4hgv4H5WHu15fWk7xRcCC6LZz6chfQNbSIXl9sNRdZQ=="
    },
    "argparse": {
      "version": "2.0.1",
      "resolved": "https://registry.npmjs.org/argparse/-/argparse-2.0.1.tgz",
      "integrity": "sha512-8+9WqebbFzpX9OR+Wa6O29asIogeRMzcGtAINdpMHHyAg10f05aSFVBbcEqGf/PXw1EjAZ+q2/bEBg3DvurK3Q=="
    },
    "asynckit": {
      "version": "0.4.0",
      "resolved": "https://registry.npmjs.org/asynckit/-/asynckit-0.4.0.tgz",
      "integrity": "sha512-Oei9OH4tRh0YqU3GxhX79dM/mwVgvbZJaSNaRk+bshkj0S5cfHcgYakreBjrHwatXKbz+IoIdYLxrKim2MjW0Q=="
    },
    "axios": {
      "version": "0.26.1",
      "resolved": "https://registry.npmjs.org/axios/-/axios-0.26.1.tgz",
      "integrity": "sha512-fPwcX4EvnSHuInCMItEhAGnaSEXRBjtzh9fOtsE6E1G6p7vl7edEeZe11QHf18+6+9gR5PbKV/sGKNaD8YaMeA==",
      "requires": {
        "follow-redirects": "^1.14.8"
      }
    },
    "combined-stream": {
      "version": "1.0.8",
      "resolved": "https://registry.npmjs.org/combined-stream/-/combined-stream-1.0.8.tgz",
      "integrity": "sha512-FQN4MRfuJeHf7cBbBMJFXhKSDq+2kAArBlmRBvcvFE5BB1HZKXtSFASDhdlz9zOYwxh8lDdnvmMOe/+5cdoEdg==",
      "requires": {
        "delayed-stream": "~1.0.0"
      }
    },
    "configstore": {
      "version": "6.0.0",
      "resolved": "https://registry.npmjs.org/configstore/-/configstore-6.0.0.tgz",
      "integrity": "sha512-cD31W1v3GqUlQvbBCGcXmd2Nj9SvLDOP1oQ0YFuLETufzSPaKp11rYBsSOm7rCsW3OnIRAFM3OxRhceaXNYHkA==",
      "requires": {
        "dot-prop": "^6.0.1",
        "graceful-fs": "^4.2.6",
        "unique-string": "^3.0.0",
        "write-file-atomic": "^3.0.3",
        "xdg-basedir": "^5.0.1"
      }
    },
    "crypto-random-string": {
      "version": "4.0.0",
      "resolved": "https://registry.npmjs.org/crypto-random-string/-/crypto-random-string-4.0.0.tgz",
      "integrity": "sha512-x8dy3RnvYdlUcPOjkEHqozhiwzKNSq7GcPuXFbnyMOCHxX8V3OgIg/pYuabl2sbUPfIJaeAQB7PMOK8DFIdoRA==",
      "requires": {
        "type-fest": "^1.0.1"
      }
    },
    "delayed-stream": {
      "version": "1.0.0",
      "resolved": "https://registry.npmjs.org/delayed-stream/-/delayed-stream-1.0.0.tgz",
      "integrity": "sha512-ZySD7Nf91aLB0RxL4KGrKHBXl7Eds1DAmEdcoVawXnLD7SDhpNgtuII2aAkg7a7QS41jxPSZ17p4VdGnMHk3MQ=="
    },
    "dot-prop": {
      "version": "6.0.1",
      "resolved": "https://registry.npmjs.org/dot-prop/-/dot-prop-6.0.1.tgz",
      "integrity": "sha512-tE7ztYzXHIeyvc7N+hR3oi7FIbf/NIjVP9hmAt3yMXzrQ072/fpjGLx2GxNxGxUl5V73MEqYzioOMoVhGMJ5cA==",
      "requires": {
        "is-obj": "^2.0.0"
      }
    },
    "dotenv": {
      "version": "16.3.1",
      "resolved": "https://registry.npmjs.org/dotenv/-/dotenv-16.3.1.tgz",
      "integrity": "sha512-IPzF4w4/Rd94bA9imS68tZBaYyBWSCE47V1RGuMrB94iyTOIEwRmVL2x/4An+6mETpLrKJ5hQkB8W4kFAadeIQ=="
    },
    "follow-redirects": {
      "version": "1.15.2",
      "resolved": "https://registry.npmjs.org/follow-redirects/-/follow-redirects-1.15.2.tgz",
      "integrity": "sha512-VQLG33o04KaQ8uYi2tVNbdrWp1QWxNNea+nmIB4EVM28v0hmP17z7aG1+wAkNzVq4KeXTq3221ye5qTJP91JwA=="
    },
    "form-data": {
      "version": "4.0.0",
      "resolved": "https://registry.npmjs.org/form-data/-/form-data-4.0.0.tgz",
      "integrity": "sha512-ETEklSGi5t0QMZuiXoA/Q6vcnxcLQP5vdugSpuAyi6SVGi2clPPp+xgEhuMaHC+zGgn31Kd235W35f7Hykkaww==",
      "requires": {
        "asynckit": "^0.4.0",
        "combined-stream": "^1.0.8",
        "mime-types": "^2.1.12"
      }
    },
    "fraction.js": {
      "version": "4.2.1",
      "resolved": "https://registry.npmjs.org/fraction.js/-/fraction.js-4.2.1.tgz",
      "integrity": "sha512-/KxoyCnPM0GwYI4NN0Iag38Tqt+od3/mLuguepLgCAKPn0ZhC544nssAW0tG2/00zXEYl9W+7hwAIpLHo6Oc7Q=="
    },
    "graceful-fs": {
      "version": "4.2.11",
      "resolved": "https://registry.npmjs.org/graceful-fs/-/graceful-fs-4.2.11.tgz",
      "integrity": "sha512-RbJ5/jmFcNNCcDV5o9eTnBLJ/HszWV0P73bc+Ff4nS/rJj+YaS6IGyiOL0VoBYX+l1Wrl3k63h/KrH+nhJ0XvQ=="
    },
    "imurmurhash": {
      "version": "0.1.4",
      "resolved": "https://registry.npmjs.org/imurmurhash/-/imurmurhash-0.1.4.tgz",
      "integrity": "sha512-JmXMZ6wuvDmLiHEml9ykzqO6lwFbof0GG4IkcGaENdCRDDmMVnny7s5HsIgHCbaq0w2MyPhDqkhTUgS2LU2PHA=="
    },
    "is-obj": {
      "version": "2.0.0",
      "resolved": "https://registry.npmjs.org/is-obj/-/is-obj-2.0.0.tgz",
      "integrity": "sha512-drqDG3cbczxxEJRoOXcOjtdp1J/lyp1mNn0xaznRs8+muBhgQcrnbspox5X5fOw0HnMnbfDzvnEMEtqDEJEo8w=="
    },
    "is-typedarray": {
      "version": "1.0.0",
      "resolved": "https://registry.npmjs.org/is-typedarray/-/is-typedarray-1.0.0.tgz",
      "integrity": "sha512-cyA56iCMHAh5CdzjJIa4aohJyeO1YbwLi3Jc35MmRU6poroFjIGZzUzupGiRPOjgHg9TLu43xbpwXk523fMxKA=="
    },
    "js-yaml": {
      "version": "4.1.0",
      "resolved": "https://registry.npmjs.org/js-yaml/-/js-yaml-4.1.0.tgz",
      "integrity": "sha512-wpxZs9NoxZaJESJGIZTyDEaYpl0FKSA+FB9aJiyemKhMwkxQg63h4T1KJgUGHpTqPDNRcmmYLugrRjJlBtWvRA==",
      "requires": {
        "argparse": "^2.0.1"
      }
    },
    "mime-db": {
      "version": "1.52.0",
      "resolved": "https://registry.npmjs.org/mime-db/-/mime-db-1.52.0.tgz",
      "integrity": "sha512-sPU4uV7dYlvtWJxwwxHD0PuihVNiE7TyAbQ5SWxDCB9mUYvOgroQOwYQQOKPJ8CIbE+1ETVlOoK1UC2nU3gYvg=="
    },
    "mime-types": {
      "version": "2.1.35",
      "resolved": "https://registry.npmjs.org/mime-types/-/mime-types-2.1.35.tgz",
      "integrity": "sha512-ZDY+bPm5zTTF+YpCrAU9nK0UgICYPT0QtT1NZWFv4s++TNkcgVaT0g6+4R2uI4MjQjzysHB1zxuWL50hzaeXiw==",
      "requires": {
        "mime-db": "1.52.0"
      }
    },
    "openai": {
      "version": "3.3.0",
      "resolved": "https://registry.npmjs.org/openai/-/openai-3.3.0.tgz",
      "integrity": "sha512-uqxI/Au+aPRnsaQRe8CojU0eCR7I0mBiKjD3sNMzY6DaC1ZVrc85u98mtJW6voDug8fgGN+DIZmTDxTthxb7dQ==",
      "requires": {
        "axios": "^0.26.0",
        "form-data": "^4.0.0"
      }
    },
    "ramda": {
      "version": "0.29.0",
      "resolved": "https://registry.npmjs.org/ramda/-/ramda-0.29.0.tgz",
      "integrity": "sha512-BBea6L67bYLtdbOqfp8f58fPMqEwx0doL+pAi8TZyp2YWz8R9G8z9x75CZI8W+ftqhFHCpEX2cRnUUXK130iKA=="
    },
    "signal-exit": {
      "version": "3.0.7",
      "resolved": "https://registry.npmjs.org/signal-exit/-/signal-exit-3.0.7.tgz",
      "integrity": "sha512-wnD2ZE+l+SPC/uoS0vXeE9L1+0wuaMqKlfz9AMUo38JsyLSBWSFcHR1Rri62LZc12vLr1gb3jl7iwQhgwpAbGQ=="
    },
    "tonal": {
      "version": "5.0.0",
      "resolved": "https://registry.npmjs.org/tonal/-/tonal-5.0.0.tgz",
      "integrity": "sha512-I/irUdAUPRJcZXNrSmMcoaWs53FRnhub+HOYFNj2KLOBvp1swysxEwruJEAZ8QlCugeGj5IfXFSK5+rMPBTZ+g==",
      "requires": {
        "@tonaljs/abc-notation": "^4.8.0",
        "@tonaljs/array": "^4.8.0",
        "@tonaljs/chord": "^5.0.0",
        "@tonaljs/chord-type": "^5.0.0",
        "@tonaljs/collection": "^4.8.0",
        "@tonaljs/core": "^4.10.0",
        "@tonaljs/duration-value": "^4.8.0",
        "@tonaljs/interval": "^4.8.0",
        "@tonaljs/key": "^4.9.1",
        "@tonaljs/midi": "^4.9.0",
        "@tonaljs/mode": "^4.8.1",
        "@tonaljs/note": "^4.10.0",
        "@tonaljs/pcset": "^4.8.2",
        "@tonaljs/progression": "^4.8.1",
        "@tonaljs/range": "^4.8.1",
        "@tonaljs/roman-numeral": "^4.8.0",
        "@tonaljs/scale": "^4.12.2",
        "@tonaljs/scale-type": "^4.8.2",
        "@tonaljs/time-signature": "^4.8.0"
      }
    },
    "type-fest": {
      "version": "1.4.0",
      "resolved": "https://registry.npmjs.org/type-fest/-/type-fest-1.4.0.tgz",
      "integrity": "sha512-yGSza74xk0UG8k+pLh5oeoYirvIiWo5t0/o3zHHAO2tRDiZcxWP7fywNlXhqb6/r6sWvwi+RsyQMWhVLe4BVuA=="
    },
    "typedarray-to-buffer": {
      "version": "3.1.5",
      "resolved": "https://registry.npmjs.org/typedarray-to-buffer/-/typedarray-to-buffer-3.1.5.tgz",
      "integrity": "sha512-zdu8XMNEDepKKR+XYOXAVPtWui0ly0NtohUscw+UmaHiAWT8hrV1rr//H6V+0DvJ3OQ19S979M0laLfX8rm82Q==",
      "requires": {
        "is-typedarray": "^1.0.0"
      }
    },
    "unique-string": {
      "version": "3.0.0",
      "resolved": "https://registry.npmjs.org/unique-string/-/unique-string-3.0.0.tgz",
      "integrity": "sha512-VGXBUVwxKMBUznyffQweQABPRRW1vHZAbadFZud4pLFAqRGvv/96vafgjWFqzourzr8YonlQiPgH0YCJfawoGQ==",
      "requires": {
        "crypto-random-string": "^4.0.0"
      }
    },
    "write-file-atomic": {
      "version": "3.0.3",
      "resolved": "https://registry.npmjs.org/write-file-atomic/-/write-file-atomic-3.0.3.tgz",
      "integrity": "sha512-AvHcyZ5JnSfq3ioSyjrBkH9yW4m7Ayk8/9My/DD9onKeu/94fwrMocemO2QAJFAlnnDN+ZDS+ZjAR5ua1/PV/Q==",
      "requires": {
        "imurmurhash": "^0.1.4",
        "is-typedarray": "^1.0.0",
        "signal-exit": "^3.0.2",
        "typedarray-to-buffer": "^3.1.5"
      }
    },
    "xdg-basedir": {
      "version": "5.1.0",
      "resolved": "https://registry.npmjs.org/xdg-basedir/-/xdg-basedir-5.1.0.tgz",
      "integrity": "sha512-GCPAHLvrIH13+c0SuacwvRYj2SxJXQ4kaVTT5xgL3kPrz56XxkF21IGhjSE1+W0aw7gpBWRGXLCPnPby6lSpmQ=="
    }
  }
}
